
Microsoft Visual Studio Solution File, Format Version 12.00
# Visual Studio 15
VisualStudioVersion = 15.0.27428.2037
MinimumVisualStudioVersion = 10.0.40219.1
Project("{FAE04EC0-301F-11D3-BF4B-00C04F79EFBC}") = "P01_EvenNumbersThread", "P01_EvenNumbersThread\P01_EvenNumbersThread.csproj", "{F71B2DF5-DA59-4B2E-8F67-1A73487E62DF}"
EndProject
Project("{FAE04EC0-301F-11D3-BF4B-00C04F79EFBC}") = "P02_SliceFile", "P02_SliceFile\P02_SliceFile.csproj", "{0253B400-6821-4865-94C7-CFD1E9F15D29}"
EndProject
Project("{FAE04EC0-301F-11D3-BF4B-00C04F79EFBC}") = "P03_SimpleWebServer", "P03_SimpleWebServer\P03_SimpleWebServer.csproj", "{761D0B49-E00B-4B0E-BAE8-71C2FCC493AF}"
EndProject
Global
	GlobalSection(SolutionConfigurationPlatforms) = preSolution
		Debug|Any CPU = Debug|Any CPU
		Release|Any CPU = Release|Any CPU
	EndGlobalSection
	GlobalSection(ProjectConfigurationPlatforms) = postSolution
		{F71B2DF5-DA59-4B2E-8F67-1A73487E62DF}.Debug|Any CPU.ActiveCfg = Debug|Any CPU
		{F71B2DF5-DA59-4B2E-8F67-1A73487E62DF}.Debug|Any CPU.Build.0 = Debug|Any CPU
		{F71B2DF5-DA59-4B2E-8F67-1A73487E62DF}.Release|Any CPU.ActiveCfg = Release|Any CPU
		{F71B2DF5-DA59-4B2E-8F67-1A73487E62DF}.Release|Any CPU.Build.0 = Release|Any CPU
		{0253B400-6821-4865-94C7-CFD1E9F15D29}.Debug|Any CPU.ActiveCfg = Debug|Any CPU
		{0253B400-6821-4865-94C7-CFD1E9F15D29}.Debug|Any CPU.Build.0 = Debug|Any CPU
		{0253B400-6821-4865-94C7-CFD1E9F15D29}.Release|Any CPU.ActiveCfg = Release|Any CPU
		{0253B400-6821-4865-94C7-CFD1E9F15D29}.Release|Any CPU.Build.0 = Release|Any CPU
		{761D0B49-E00B-4B0E-BAE8-71C2FCC493AF}.Debug|Any CPU.ActiveCfg = Debug|Any CPU
		{761D0B49-E00B-4B0E-BAE8-71C2FCC493AF}.Debug|Any CPU.Build.0 = Debug|Any CPU
		{761D0B49-E00B-4B0E-BAE8-71C2FCC493AF}.Release|Any CPU.ActiveCfg = Release|Any CPU
		{761D0B49-E00B-4B0E-BAE8-71C2FCC493AF}.Release|Any CPU.Build.0 = Release|Any CPU
	EndGlobalSection
	GlobalSection(SolutionProperties) = preSolution
		HideSolutionNode = FALSE
	EndGlobalSection
	GlobalSection(ExtensibilityGlobals) = postSolution
		SolutionGuid = {75F1DA0D-09F0-4D65-989E-9AB651C5DF93}
	EndGlobalSection
EndGlobal
